{
  "name": "instagram-blockchain",
  "lockfileVersion": 2,
  "requires": true,
  "packages": {
    "": {
      "dependencies": {
        "jdenticon": "^3.1.1",
        "react-jdenticon": "^0.0.9"
      }
    },
    "node_modules/@types/node": {
      "version": "17.0.21",
      "resolved": "https://registry.npmjs.org/@types/node/-/node-17.0.21.tgz",
      "integrity": "sha512-DBZCJbhII3r90XbQxI8Y9IjjiiOGlZ0Hr32omXIZvwwZ7p4DMMXGrKXVyPfuoBOri9XNtL0UK69jYIBIsRX3QQ=="
    },
    "node_modules/canvas-renderer": {
      "version": "2.2.0",
      "resolved": "https://registry.npmjs.org/canvas-renderer/-/canvas-renderer-2.2.0.tgz",
      "integrity": "sha512-Itdq9pwXcs4IbbkRCXc7reeGBk6i6tlDtZTjE1yc+KvYkx1Mt3WLf6tidZ/Ixbm7Vmi+jpWKG0dRBor67x9yGw==",
      "dependencies": {
        "@types/node": "*"
      }
    },
    "node_modules/jdenticon": {
      "version": "3.1.1",
      "resolved": "https://registry.npmjs.org/jdenticon/-/jdenticon-3.1.1.tgz",
      "integrity": "sha512-/m0Kk5ou7tPHjW6YovCysRETqPlFcTabWG96r8NbbSsEK+eQ3jHiGULaGOtp4XBqkRxWS1XMopLRGwdhet5ezw==",
      "dependencies": {
        "canvas-renderer": "~2.2.0"
      },
      "bin": {
        "jdenticon": "bin/jdenticon.js"
      },
      "engines": {
        "node": ">=6.4.0"
      }
    },
    "node_modules/js-tokens": {
      "version": "4.0.0",
      "resolved": "https://registry.npmjs.org/js-tokens/-/js-tokens-4.0.0.tgz",
      "integrity": "sha512-RdJUflcE3cUzKiMqQgsCu06FPu9UdIJO0beYbPhHN4k6apgJtifcoCtT9bcxOpYBtpD2kCM6Sbzg4CausW/PKQ=="
    },
    "node_modules/loose-envify": {
      "version": "1.4.0",
      "resolved": "https://registry.npmjs.org/loose-envify/-/loose-envify-1.4.0.tgz",
      "integrity": "sha512-lyuxPGr/Wfhrlem2CL/UcnUc1zcqKAImBDzukY7Y5F/yQiNdko6+fRLevlw1HgMySw7f611UIY408EtxRSoK3Q==",
      "dependencies": {
        "js-tokens": "^3.0.0 || ^4.0.0"
      },
      "bin": {
        "loose-envify": "cli.js"
      }
    },
    "node_modules/object-assign": {
      "version": "4.1.1",
      "resolved": "https://registry.npmjs.org/object-assign/-/object-assign-4.1.1.tgz",
      "integrity": "sha1-IQmtx5ZYh8/AXLvUQsrIv7s2CGM=",
      "engines": {
        "node": ">=0.10.0"
      }
    },
    "node_modules/prop-types": {
      "version": "15.8.1",
      "resolved": "https://registry.npmjs.org/prop-types/-/prop-types-15.8.1.tgz",
      "integrity": "sha512-oj87CgZICdulUohogVAR7AjlC0327U4el4L6eAvOqCeudMDVU0NThNaV+b9Df4dXgSP1gXMTnPdhfe/2qDH5cg==",
      "dependencies": {
        "loose-envify": "^1.4.0",
        "object-assign": "^4.1.1",
        "react-is": "^16.13.1"
      }
    },
    "node_modules/react": {
      "version": "16.14.0",
      "resolved": "https://registry.npmjs.org/react/-/react-16.14.0.tgz",
      "integrity": "sha512-0X2CImDkJGApiAlcf0ODKIneSwBPhqJawOa5wCtKbu7ZECrmS26NvtSILynQ66cgkT/RJ4LidJOc3bUESwmU8g==",
      "peer": true,
      "dependencies": {
        "loose-envify": "^1.1.0",
        "object-assign": "^4.1.1",
        "prop-types": "^15.6.2"
      },
      "engines": {
        "node": ">=0.10.0"
      }
    },
    "node_modules/react-is": {
      "version": "16.13.1",
      "resolved": "https://registry.npmjs.org/react-is/-/react-is-16.13.1.tgz",
      "integrity": "sha512-24e6ynE2H+OKt4kqsOvNd8kBpV65zoxbA4BVsEOB3ARVWQki/DHzaUoC5KuON/BiccDaCCTZBuOcfZs70kR8bQ=="
    },
    "node_modules/react-jdenticon": {
      "version": "0.0.9",
      "resolved": "https://registry.npmjs.org/react-jdenticon/-/react-jdenticon-0.0.9.tgz",
      "integrity": "sha512-NuAoIjNBoL5VpPgRXl52b8IwF5nOEK+imn/9usCslaJlg5qgiUjXw0lVLLI1w19cjPaJo952kjnpC2CtokcTXA==",
      "dependencies": {
        "jdenticon": "^2.2.0",
        "prop-types": "^15.7.2"
      },
      "peerDependencies": {
        "react": "^16.8.0"
      }
    },
    "node_modules/react-jdenticon/node_modules/canvas-renderer": {
      "version": "2.1.1",
      "resolved": "https://registry.npmjs.org/canvas-renderer/-/canvas-renderer-2.1.1.tgz",
      "integrity": "sha512-/V0XetN7s1Mk3NO7x2wxPZYv0pLMQtGAhecuOuKR88beiYCUle1AbCcFZNLu+4NVzi9RVHS0rXtIgzPEaKidLw=="
    },
    "node_modules/react-jdenticon/node_modules/jdenticon": {
      "version": "2.2.0",
      "resolved": "https://registry.npmjs.org/jdenticon/-/jdenticon-2.2.0.tgz",
      "integrity": "sha512-WGqwpjN9pab/Sah9pGnFH5tQc3HF3WbLV/tPVbykvk5nuAkxG/zhzQYWC2owvpnS+/A0HmlSx35rtY8kyN+x7Q==",
      "dependencies": {
        "@types/node": "*",
        "canvas-renderer": "~2.1.1"
      },
      "bin": {
        "jdenticon": "bin/jdenticon.js"
      }
    }
  },
  "dependencies": {
    "@types/node": {
      "version": "17.0.21",
      "resolved": "https://registry.npmjs.org/@types/node/-/node-17.0.21.tgz",
      "integrity": "sha512-DBZCJbhII3r90XbQxI8Y9IjjiiOGlZ0Hr32omXIZvwwZ7p4DMMXGrKXVyPfuoBOri9XNtL0UK69jYIBIsRX3QQ=="
    },
    "canvas-renderer": {
      "version": "2.2.0",
      "resolved": "https://registry.npmjs.org/canvas-renderer/-/canvas-renderer-2.2.0.tgz",
      "integrity": "sha512-Itdq9pwXcs4IbbkRCXc7reeGBk6i6tlDtZTjE1yc+KvYkx1Mt3WLf6tidZ/Ixbm7Vmi+jpWKG0dRBor67x9yGw==",
      "requires": {
        "@types/node": "*"
      }
    },
    "jdenticon": {
      "version": "3.1.1",
      "resolved": "https://registry.npmjs.org/jdenticon/-/jdenticon-3.1.1.tgz",
      "integrity": "sha512-/m0Kk5ou7tPHjW6YovCysRETqPlFcTabWG96r8NbbSsEK+eQ3jHiGULaGOtp4XBqkRxWS1XMopLRGwdhet5ezw==",
      "requires": {
        "canvas-renderer": "~2.2.0"
      }
    },
    "js-tokens": {
      "version": "4.0.0",
      "resolved": "https://registry.npmjs.org/js-tokens/-/js-tokens-4.0.0.tgz",
      "integrity": "sha512-RdJUflcE3cUzKiMqQgsCu06FPu9UdIJO0beYbPhHN4k6apgJtifcoCtT9bcxOpYBtpD2kCM6Sbzg4CausW/PKQ=="
    },
    "loose-envify": {
      "version": "1.4.0",
      "resolved": "https://registry.npmjs.org/loose-envify/-/loose-envify-1.4.0.tgz",
      "integrity": "sha512-lyuxPGr/Wfhrlem2CL/UcnUc1zcqKAImBDzukY7Y5F/yQiNdko6+fRLevlw1HgMySw7f611UIY408EtxRSoK3Q==",
      "requires": {
        "js-tokens": "^3.0.0 || ^4.0.0"
      }
    },
    "object-assign": {
      "version": "4.1.1",
      "resolved": "https://registry.npmjs.org/object-assign/-/object-assign-4.1.1.tgz",
      "integrity": "sha1-IQmtx5ZYh8/AXLvUQsrIv7s2CGM="
    },
    "prop-types": {
      "version": "15.8.1",
      "resolved": "https://registry.npmjs.org/prop-types/-/prop-types-15.8.1.tgz",
      "integrity": "sha512-oj87CgZICdulUohogVAR7AjlC0327U4el4L6eAvOqCeudMDVU0NThNaV+b9Df4dXgSP1gXMTnPdhfe/2qDH5cg==",
      "requires": {
        "loose-envify": "^1.4.0",
        "object-assign": "^4.1.1",
        "react-is": "^16.13.1"
      }
    },
    "react": {
      "version": "16.14.0",
      "resolved": "https://registry.npmjs.org/react/-/react-16.14.0.tgz",
      "integrity": "sha512-0X2CImDkJGApiAlcf0ODKIneSwBPhqJawOa5wCtKbu7ZECrmS26NvtSILynQ66cgkT/RJ4LidJOc3bUESwmU8g==",
      "peer": true,
      "requires": {
        "loose-envify": "^1.1.0",
        "object-assign": "^4.1.1",
        "prop-types": "^15.6.2"
      }
    },
    "react-is": {
      "version": "16.13.1",
      "resolved": "https://registry.npmjs.org/react-is/-/react-is-16.13.1.tgz",
      "integrity": "sha512-24e6ynE2H+OKt4kqsOvNd8kBpV65zoxbA4BVsEOB3ARVWQki/DHzaUoC5KuON/BiccDaCCTZBuOcfZs70kR8bQ=="
    },
    "react-jdenticon": {
      "version": "0.0.9",
      "resolved": "https://registry.npmjs.org/react-jdenticon/-/react-jdenticon-0.0.9.tgz",
      "integrity": "sha512-NuAoIjNBoL5VpPgRXl52b8IwF5nOEK+imn/9usCslaJlg5qgiUjXw0lVLLI1w19cjPaJo952kjnpC2CtokcTXA==",
      "requires": {
        "jdenticon": "^2.2.0",
        "prop-types": "^15.7.2"
      },
      "dependencies": {
        "canvas-renderer": {
          "version": "2.1.1",
          "resolved": "https://registry.npmjs.org/canvas-renderer/-/canvas-renderer-2.1.1.tgz",
          "integrity": "sha512-/V0XetN7s1Mk3NO7x2wxPZYv0pLMQtGAhecuOuKR88beiYCUle1AbCcFZNLu+4NVzi9RVHS0rXtIgzPEaKidLw=="
        },
        "jdenticon": {
          "version": "2.2.0",
          "resolved": "https://registry.npmjs.org/jdenticon/-/jdenticon-2.2.0.tgz",
          "integrity": "sha512-WGqwpjN9pab/Sah9pGnFH5tQc3HF3WbLV/tPVbykvk5nuAkxG/zhzQYWC2owvpnS+/A0HmlSx35rtY8kyN+x7Q==",
          "requires": {
            "@types/node": "*",
            "canvas-renderer": "~2.1.1"
          }
        }
      }
    }
  }
}
